// !$*UTF8*$!
{
	archiveVersion = 1;
	classes = {
	};
	objectVersion = 50;
	objects = {

/* Begin PBXBuildFile section */
		825D2DF1246151BB0049CA41 /* QRCodeScannerViewController.swift in Sources */ = {isa = PBXBuildFile; fileRef = 825D2DF0246151BB0049CA41 /* QRCodeScannerViewController.swift */; };
		825D2DF3246170620049CA41 /* UserProfileRequest.swift in Sources */ = {isa = PBXBuildFile; fileRef = 825D2DF2246170620049CA41 /* UserProfileRequest.swift */; };
		825E0A402459E49C003B7857 /* AppDelegate.swift in Sources */ = {isa = PBXBuildFile; fileRef = 825E0A3F2459E49C003B7857 /* AppDelegate.swift */; };
		825E0A422459E49C003B7857 /* SceneDelegate.swift in Sources */ = {isa = PBXBuildFile; fileRef = 825E0A412459E49C003B7857 /* SceneDelegate.swift */; };
		825E0A442459E49C003B7857 /* FeedViewController.swift in Sources */ = {isa = PBXBuildFile; fileRef = 825E0A432459E49C003B7857 /* FeedViewController.swift */; };
		825E0A472459E49C003B7857 /* Main.storyboard in Resources */ = {isa = PBXBuildFile; fileRef = 825E0A452459E49C003B7857 /* Main.storyboard */; };
		825E0A492459E4A0003B7857 /* Assets.xcassets in Resources */ = {isa = PBXBuildFile; fileRef = 825E0A482459E4A0003B7857 /* Assets.xcassets */; };
		825E0A4C2459E4A0003B7857 /* LaunchScreen.storyboard in Resources */ = {isa = PBXBuildFile; fileRef = 825E0A4A2459E4A0003B7857 /* LaunchScreen.storyboard */; };
		825E0A562459F9B0003B7857 /* UserProfile.swift in Sources */ = {isa = PBXBuildFile; fileRef = 825E0A552459F9B0003B7857 /* UserProfile.swift */; };
		825E0A582459FB5F003B7857 /* ContentItem.swift in Sources */ = {isa = PBXBuildFile; fileRef = 825E0A572459FB5F003B7857 /* ContentItem.swift */; };
		825E0A5A245A0009003B7857 /* SortingType.swift in Sources */ = {isa = PBXBuildFile; fileRef = 825E0A59245A0009003B7857 /* SortingType.swift */; };
		825E0A5C245A1367003B7857 /* UserProfileViewController.swift in Sources */ = {isa = PBXBuildFile; fileRef = 825E0A5B245A1367003B7857 /* UserProfileViewController.swift */; };
		825E0A5F245A18E3003B7857 /* FeedViewModel.swift in Sources */ = {isa = PBXBuildFile; fileRef = 825E0A5E245A18E3003B7857 /* FeedViewModel.swift */; };
		825E0A62245A205F003B7857 /* TJournalClient.swift in Sources */ = {isa = PBXBuildFile; fileRef = 825E0A61245A205F003B7857 /* TJournalClient.swift */; };
		825E0A64245C5382003B7857 /* ContentRequest.swift in Sources */ = {isa = PBXBuildFile; fileRef = 825E0A63245C5382003B7857 /* ContentRequest.swift */; };
		825E0A66245C53C6003B7857 /* NetworkConstants.swift in Sources */ = {isa = PBXBuildFile; fileRef = 825E0A65245C53C6003B7857 /* NetworkConstants.swift */; };
		825E0A69245C6B9C003B7857 /* URLRequest+Encode.swift in Sources */ = {isa = PBXBuildFile; fileRef = 825E0A68245C6B9C003B7857 /* URLRequest+Encode.swift */; };
		825E0A6B245C7350003B7857 /* Result.swift in Sources */ = {isa = PBXBuildFile; fileRef = 825E0A6A245C7350003B7857 /* Result.swift */; };
		825E0A6D245C7487003B7857 /* ContentResponse.swift in Sources */ = {isa = PBXBuildFile; fileRef = 825E0A6C245C7487003B7857 /* ContentResponse.swift */; };
		825E0A6F245C74F1003B7857 /* DataResponseError.swift in Sources */ = {isa = PBXBuildFile; fileRef = 825E0A6E245C74F1003B7857 /* DataResponseError.swift */; };
		825E0A71245CAB2C003B7857 /* HTTPURLResponse+hasSuccessCode.swift in Sources */ = {isa = PBXBuildFile; fileRef = 825E0A70245CAB2C003B7857 /* HTTPURLResponse+hasSuccessCode.swift */; };
		825E0A75245DBCC3003B7857 /* ContentCell.swift in Sources */ = {isa = PBXBuildFile; fileRef = 825E0A74245DBCC3003B7857 /* ContentCell.swift */; };
/* End PBXBuildFile section */

/* Begin PBXFileReference section */
		825D2DF0246151BB0049CA41 /* QRCodeScannerViewController.swift */ = {isa = PBXFileReference; lastKnownFileType = sourcecode.swift; path = QRCodeScannerViewController.swift; sourceTree = "<group>"; };
		825D2DF2246170620049CA41 /* UserProfileRequest.swift */ = {isa = PBXFileReference; lastKnownFileType = sourcecode.swift; path = UserProfileRequest.swift; sourceTree = "<group>"; };
		825E0A3C2459E49C003B7857 /* GIFV Scroller.app */ = {isa = PBXFileReference; explicitFileType = wrapper.application; includeInIndex = 0; path = "GIFV Scroller.app"; sourceTree = BUILT_PRODUCTS_DIR; };
		825E0A3F2459E49C003B7857 /* AppDelegate.swift */ = {isa = PBXFileReference; lastKnownFileType = sourcecode.swift; path = AppDelegate.swift; sourceTree = "<group>"; };
		825E0A412459E49C003B7857 /* SceneDelegate.swift */ = {isa = PBXFileReference; lastKnownFileType = sourcecode.swift; path = SceneDelegate.swift; sourceTree = "<group>"; };
		825E0A432459E49C003B7857 /* FeedViewController.swift */ = {isa = PBXFileReference; lastKnownFileType = sourcecode.swift; path = FeedViewController.swift; sourceTree = "<group>"; };
		825E0A462459E49C003B7857 /* Base */ = {isa = PBXFileReference; lastKnownFileType = file.storyboard; name = Base; path = Base.lproj/Main.storyboard; sourceTree = "<group>"; };
		825E0A482459E4A0003B7857 /* Assets.xcassets */ = {isa = PBXFileReference; lastKnownFileType = folder.assetcatalog; path = Assets.xcassets; sourceTree = "<group>"; };
		825E0A4B2459E4A0003B7857 /* Base */ = {isa = PBXFileReference; lastKnownFileType = file.storyboard; name = Base; path = Base.lproj/LaunchScreen.storyboard; sourceTree = "<group>"; };
		825E0A4D2459E4A0003B7857 /* Info.plist */ = {isa = PBXFileReference; lastKnownFileType = text.plist.xml; path = Info.plist; sourceTree = "<group>"; };
		825E0A552459F9B0003B7857 /* UserProfile.swift */ = {isa = PBXFileReference; lastKnownFileType = sourcecode.swift; path = UserProfile.swift; sourceTree = "<group>"; };
		825E0A572459FB5F003B7857 /* ContentItem.swift */ = {isa = PBXFileReference; lastKnownFileType = sourcecode.swift; path = ContentItem.swift; sourceTree = "<group>"; };
		825E0A59245A0009003B7857 /* SortingType.swift */ = {isa = PBXFileReference; lastKnownFileType = sourcecode.swift; path = SortingType.swift; sourceTree = "<group>"; };
		825E0A5B245A1367003B7857 /* UserProfileViewController.swift */ = {isa = PBXFileReference; lastKnownFileType = sourcecode.swift; path = UserProfileViewController.swift; sourceTree = "<group>"; };
		825E0A5E245A18E3003B7857 /* FeedViewModel.swift */ = {isa = PBXFileReference; lastKnownFileType = sourcecode.swift; path = FeedViewModel.swift; sourceTree = "<group>"; };
		825E0A61245A205F003B7857 /* TJournalClient.swift */ = {isa = PBXFileReference; lastKnownFileType = sourcecode.swift; path = TJournalClient.swift; sourceTree = "<group>"; };
		825E0A63245C5382003B7857 /* ContentRequest.swift */ = {isa = PBXFileReference; lastKnownFileType = sourcecode.swift; path = ContentRequest.swift; sourceTree = "<group>"; };
		825E0A65245C53C6003B7857 /* NetworkConstants.swift */ = {isa = PBXFileReference; lastKnownFileType = sourcecode.swift; path = NetworkConstants.swift; sourceTree = "<group>"; };
		825E0A68245C6B9C003B7857 /* URLRequest+Encode.swift */ = {isa = PBXFileReference; lastKnownFileType = sourcecode.swift; path = "URLRequest+Encode.swift"; sourceTree = "<group>"; };
		825E0A6A245C7350003B7857 /* Result.swift */ = {isa = PBXFileReference; lastKnownFileType = sourcecode.swift; path = Result.swift; sourceTree = "<group>"; };
		825E0A6C245C7487003B7857 /* ContentResponse.swift */ = {isa = PBXFileReference; lastKnownFileType = sourcecode.swift; path = ContentResponse.swift; sourceTree = "<group>"; };
		825E0A6E245C74F1003B7857 /* DataResponseError.swift */ = {isa = PBXFileReference; lastKnownFileType = sourcecode.swift; path = DataResponseError.swift; sourceTree = "<group>"; };
		825E0A70245CAB2C003B7857 /* HTTPURLResponse+hasSuccessCode.swift */ = {isa = PBXFileReference; lastKnownFileType = sourcecode.swift; path = "HTTPURLResponse+hasSuccessCode.swift"; sourceTree = "<group>"; };
		825E0A74245DBCC3003B7857 /* ContentCell.swift */ = {isa = PBXFileReference; lastKnownFileType = sourcecode.swift; path = ContentCell.swift; sourceTree = "<group>"; };
/* End PBXFileReference section */

/* Begin PBXFrameworksBuildPhase section */
		825E0A392459E49C003B7857 /* Frameworks */ = {
			isa = PBXFrameworksBuildPhase;
			buildActionMask = 2147483647;
			files = (
			);
			runOnlyForDeploymentPostprocessing = 0;
		};
/* End PBXFrameworksBuildPhase section */

/* Begin PBXGroup section */
		825E0A332459E49C003B7857 = {
			isa = PBXGroup;
			children = (
				825E0A3E2459E49C003B7857 /* GIFV Scroller */,
				825E0A3D2459E49C003B7857 /* Products */,
			);
			sourceTree = "<group>";
		};
		825E0A3D2459E49C003B7857 /* Products */ = {
			isa = PBXGroup;
			children = (
				825E0A3C2459E49C003B7857 /* GIFV Scroller.app */,
			);
			name = Products;
			sourceTree = "<group>";
		};
		825E0A3E2459E49C003B7857 /* GIFV Scroller */ = {
			isa = PBXGroup;
			children = (
				825E0A4D2459E4A0003B7857 /* Info.plist */,
				825E0A532459F932003B7857 /* Application */,
				825E0A67245C6B7C003B7857 /* Extensions */,
				825E0A542459F987003B7857 /* Models */,
				825E0A60245A2028003B7857 /* Network */,
				825E0A72245DBC7B003B7857 /* ViewControllers */,
				825E0A5D245A18A3003B7857 /* ViewModels */,
			);
			path = "GIFV Scroller";
			sourceTree = "<group>";
		};
		825E0A532459F932003B7857 /* Application */ = {
			isa = PBXGroup;
			children = (
				825E0A3F2459E49C003B7857 /* AppDelegate.swift */,
				825E0A412459E49C003B7857 /* SceneDelegate.swift */,
				825E0A482459E4A0003B7857 /* Assets.xcassets */,
				825E0A4A2459E4A0003B7857 /* LaunchScreen.storyboard */,
			);
			path = Application;
			sourceTree = "<group>";
		};
		825E0A542459F987003B7857 /* Models */ = {
			isa = PBXGroup;
			children = (
				825E0A6C245C7487003B7857 /* ContentResponse.swift */,
				825E0A552459F9B0003B7857 /* UserProfile.swift */,
				825E0A572459FB5F003B7857 /* ContentItem.swift */,
				825E0A59245A0009003B7857 /* SortingType.swift */,
			);
			path = Models;
			sourceTree = "<group>";
		};
		825E0A5D245A18A3003B7857 /* ViewModels */ = {
			isa = PBXGroup;
			children = (
				825E0A5E245A18E3003B7857 /* FeedViewModel.swift */,
			);
			path = ViewModels;
			sourceTree = "<group>";
		};
		825E0A60245A2028003B7857 /* Network */ = {
			isa = PBXGroup;
			children = (
				825E0A61245A205F003B7857 /* TJournalClient.swift */,
				825E0A6E245C74F1003B7857 /* DataResponseError.swift */,
				825E0A6A245C7350003B7857 /* Result.swift */,
				825E0A63245C5382003B7857 /* ContentRequest.swift */,
				825D2DF2246170620049CA41 /* UserProfileRequest.swift */,
				825E0A65245C53C6003B7857 /* NetworkConstants.swift */,
			);
			path = Network;
			sourceTree = "<group>";
		};
		825E0A67245C6B7C003B7857 /* Extensions */ = {
			isa = PBXGroup;
			children = (
				825E0A68245C6B9C003B7857 /* URLRequest+Encode.swift */,
				825E0A70245CAB2C003B7857 /* HTTPURLResponse+hasSuccessCode.swift */,
			);
			path = Extensions;
			sourceTree = "<group>";
		};
		825E0A72245DBC7B003B7857 /* ViewControllers */ = {
			isa = PBXGroup;
			children = (
				825E0A73245DBCB3003B7857 /* Cells */,
				825E0A5B245A1367003B7857 /* UserProfileViewController.swift */,
				825D2DF0246151BB0049CA41 /* QRCodeScannerViewController.swift */,
				825E0A432459E49C003B7857 /* FeedViewController.swift */,
				825E0A452459E49C003B7857 /* Main.storyboard */,
			);
			path = ViewControllers;
			sourceTree = "<group>";
		};
		825E0A73245DBCB3003B7857 /* Cells */ = {
			isa = PBXGroup;
			children = (
				825E0A74245DBCC3003B7857 /* ContentCell.swift */,
			);
			path = Cells;
			sourceTree = "<group>";
		};
/* End PBXGroup section */

/* Begin PBXNativeTarget section */
		825E0A3B2459E49C003B7857 /* GIFV Scroller */ = {
			isa = PBXNativeTarget;
			buildConfigurationList = 825E0A502459E4A0003B7857 /* Build configuration list for PBXNativeTarget "GIFV Scroller" */;
			buildPhases = (
				825E0A382459E49C003B7857 /* Sources */,
				825E0A392459E49C003B7857 /* Frameworks */,
				825E0A3A2459E49C003B7857 /* Resources */,
			);
			buildRules = (
			);
			dependencies = (
			);
			name = "GIFV Scroller";
			productName = "GIFV Scroller";
			productReference = 825E0A3C2459E49C003B7857 /* GIFV Scroller.app */;
			productType = "com.apple.product-type.application";
		};
/* End PBXNativeTarget section */

/* Begin PBXProject section */
		825E0A342459E49C003B7857 /* Project object */ = {
			isa = PBXProject;
			attributes = {
				LastSwiftUpdateCheck = 1140;
				LastUpgradeCheck = 1140;
				ORGANIZATIONNAME = "Roman Kravtsov";
				TargetAttributes = {
					825E0A3B2459E49C003B7857 = {
						CreatedOnToolsVersion = 11.4;
					};
				};
			};
			buildConfigurationList = 825E0A372459E49C003B7857 /* Build configuration list for PBXProject "GIFV Scroller" */;
			compatibilityVersion = "Xcode 9.3";
			developmentRegion = en;
			hasScannedForEncodings = 0;
			knownRegions = (
				en,
				Base,
			);
			mainGroup = 825E0A332459E49C003B7857;
			productRefGroup = 825E0A3D2459E49C003B7857 /* Products */;
			projectDirPath = "";
			projectRoot = "";
			targets = (
				825E0A3B2459E49C003B7857 /* GIFV Scroller */,
			);
		};
/* End PBXProject section */

/* Begin PBXResourcesBuildPhase section */
		825E0A3A2459E49C003B7857 /* Resources */ = {
			isa = PBXResourcesBuildPhase;
			buildActionMask = 2147483647;
			files = (
				825E0A4C2459E4A0003B7857 /* LaunchScreen.storyboard in Resources */,
				825E0A492459E4A0003B7857 /* Assets.xcassets in Resources */,
				825E0A472459E49C003B7857 /* Main.storyboard in Resources */,
			);
			runOnlyForDeploymentPostprocessing = 0;
		};
/* End PBXResourcesBuildPhase section */

/* Begin PBXSourcesBuildPhase section */
		825E0A382459E49C003B7857 /* Sources */ = {
			isa = PBXSourcesBuildPhase;
			buildActionMask = 2147483647;
			files = (
				825D2DF3246170620049CA41 /* UserProfileRequest.swift in Sources */,
				825E0A562459F9B0003B7857 /* UserProfile.swift in Sources */,
				825E0A6B245C7350003B7857 /* Result.swift in Sources */,
				825E0A442459E49C003B7857 /* FeedViewController.swift in Sources */,
				825E0A66245C53C6003B7857 /* NetworkConstants.swift in Sources */,
				825E0A6D245C7487003B7857 /* ContentResponse.swift in Sources */,
				825E0A5C245A1367003B7857 /* UserProfileViewController.swift in Sources */,
				825E0A64245C5382003B7857 /* ContentRequest.swift in Sources */,
				825E0A5A245A0009003B7857 /* SortingType.swift in Sources */,
				825E0A582459FB5F003B7857 /* ContentItem.swift in Sources */,
				825E0A6F245C74F1003B7857 /* DataResponseError.swift in Sources */,
				825E0A402459E49C003B7857 /* AppDelegate.swift in Sources */,
				825E0A62245A205F003B7857 /* TJournalClient.swift in Sources */,
				825E0A71245CAB2C003B7857 /* HTTPURLResponse+hasSuccessCode.swift in Sources */,
				825E0A5F245A18E3003B7857 /* FeedViewModel.swift in Sources */,
				825E0A75245DBCC3003B7857 /* ContentCell.swift in Sources */,
				825E0A422459E49C003B7857 /* SceneDelegate.swift in Sources */,
				825E0A69245C6B9C003B7857 /* URLRequest+Encode.swift in Sources */,
				825D2DF1246151BB0049CA41 /* QRCodeScannerViewController.swift in Sources */,
			);
			runOnlyForDeploymentPostprocessing = 0;
		};
/* End PBXSourcesBuildPhase section */

/* Begin PBXVariantGroup section */
		825E0A452459E49C003B7857 /* Main.storyboard */ = {
			isa = PBXVariantGroup;
			children = (
				825E0A462459E49C003B7857 /* Base */,
			);
			name = Main.storyboard;
			sourceTree = "<group>";
		};
		825E0A4A2459E4A0003B7857 /* LaunchScreen.storyboard */ = {
			isa = PBXVariantGroup;
			children = (
				825E0A4B2459E4A0003B7857 /* Base */,
			);
			name = LaunchScreen.storyboard;
			sourceTree = "<group>";
		};
/* End PBXVariantGroup section */

/* Begin XCBuildConfiguration section */
		825E0A4E2459E4A0003B7857 /* Debug */ = {
			isa = XCBuildConfiguration;
			buildSettings = {
				ALWAYS_SEARCH_USER_PATHS = NO;
				CLANG_ANALYZER_NONNULL = YES;
				CLANG_ANALYZER_NUMBER_OBJECT_CONVERSION = YES_AGGRESSIVE;
				CLANG_CXX_LANGUAGE_STANDARD = "gnu++14";
				CLANG_CXX_LIBRARY = "libc++";
				CLANG_ENABLE_MODULES = YES;
				CLANG_ENABLE_OBJC_ARC = YES;
				CLANG_ENABLE_OBJC_WEAK = YES;
				CLANG_WARN_BLOCK_CAPTURE_AUTORELEASING = YES;
				CLANG_WARN_BOOL_CONVERSION = YES;
				CLANG_WARN_COMMA = YES;
				CLANG_WARN_CONSTANT_CONVERSION = YES;
				CLANG_WARN_DEPRECATED_OBJC_IMPLEMENTATIONS = YES;
				CLANG_WARN_DIRECT_OBJC_ISA_USAGE = YES_ERROR;
				CLANG_WARN_DOCUMENTATION_COMMENTS = YES;
				CLANG_WARN_EMPTY_BODY = YES;
				CLANG_WARN_ENUM_CONVERSION = YES;
				CLANG_WARN_INFINITE_RECURSION = YES;
				CLANG_WARN_INT_CONVERSION = YES;
				CLANG_WARN_NON_LITERAL_NULL_CONVERSION = YES;
				CLANG_WARN_OBJC_IMPLICIT_RETAIN_SELF = YES;
				CLANG_WARN_OBJC_LITERAL_CONVERSION = YES;
				CLANG_WARN_OBJC_ROOT_CLASS = YES_ERROR;
				CLANG_WARN_RANGE_LOOP_ANALYSIS = YES;
				CLANG_WARN_STRICT_PROTOTYPES = YES;
				CLANG_WARN_SUSPICIOUS_MOVE = YES;
				CLANG_WARN_UNGUARDED_AVAILABILITY = YES_AGGRESSIVE;
				CLANG_WARN_UNREACHABLE_CODE = YES;
				CLANG_WARN__DUPLICATE_METHOD_MATCH = YES;
				COPY_PHASE_STRIP = NO;
				DEBUG_INFORMATION_FORMAT = dwarf;
				ENABLE_STRICT_OBJC_MSGSEND = YES;
				ENABLE_TESTABILITY = YES;
				GCC_C_LANGUAGE_STANDARD = gnu11;
				GCC_DYNAMIC_NO_PIC = NO;
				GCC_NO_COMMON_BLOCKS = YES;
				GCC_OPTIMIZATION_LEVEL = 0;
				GCC_PREPROCESSOR_DEFINITIONS = (
					"DEBUG=1",
					"$(inherited)",
				);
				GCC_WARN_64_TO_32_BIT_CONVERSION = YES;
				GCC_WARN_ABOUT_RETURN_TYPE = YES_ERROR;
				GCC_WARN_UNDECLARED_SELECTOR = YES;
				GCC_WARN_UNINITIALIZED_AUTOS = YES_AGGRESSIVE;
				GCC_WARN_UNUSED_FUNCTION = YES;
				GCC_WARN_UNUSED_VARIABLE = YES;
				IPHONEOS_DEPLOYMENT_TARGET = 13.4;
				MTL_ENABLE_DEBUG_INFO = INCLUDE_SOURCE;
				MTL_FAST_MATH = YES;
				ONLY_ACTIVE_ARCH = YES;
				SDKROOT = iphoneos;
				SWIFT_ACTIVE_COMPILATION_CONDITIONS = DEBUG;
				SWIFT_OPTIMIZATION_LEVEL = "-Onone";
			};
			name = Debug;
		};
		825E0A4F2459E4A0003B7857 /* Release */ = {
			isa = XCBuildConfiguration;
			buildSettings = {
				ALWAYS_SEARCH_USER_PATHS = NO;
				CLANG_ANALYZER_NONNULL = YES;
				CLANG_ANALYZER_NUMBER_OBJECT_CONVERSION = YES_AGGRESSIVE;
				CLANG_CXX_LANGUAGE_STANDARD = "gnu++14";
				CLANG_CXX_LIBRARY = "libc++";
				CLANG_ENABLE_MODULES = YES;
				CLANG_ENABLE_OBJC_ARC = YES;
				CLANG_ENABLE_OBJC_WEAK = YES;
				CLANG_WARN_BLOCK_CAPTURE_AUTORELEASING = YES;
				CLANG_WARN_BOOL_CONVERSION = YES;
				CLANG_WARN_COMMA = YES;
				CLANG_WARN_CONSTANT_CONVERSION = YES;
				CLANG_WARN_DEPRECATED_OBJC_IMPLEMENTATIONS = YES;
				CLANG_WARN_DIRECT_OBJC_ISA_USAGE = YES_ERROR;
				CLANG_WARN_DOCUMENTATION_COMMENTS = YES;
				CLANG_WARN_EMPTY_BODY = YES;
				CLANG_WARN_ENUM_CONVERSION = YES;
				CLANG_WARN_INFINITE_RECURSION = YES;
				CLANG_WARN_INT_CONVERSION = YES;
				CLANG_WARN_NON_LITERAL_NULL_CONVERSION = YES;
				CLANG_WARN_OBJC_IMPLICIT_RETAIN_SELF = YES;
				CLANG_WARN_OBJC_LITERAL_CONVERSION = YES;
				CLANG_WARN_OBJC_ROOT_CLASS = YES_ERROR;
				CLANG_WARN_RANGE_LOOP_ANALYSIS = YES;
				CLANG_WARN_STRICT_PROTOTYPES = YES;
				CLANG_WARN_SUSPICIOUS_MOVE = YES;
				CLANG_WARN_UNGUARDED_AVAILABILITY = YES_AGGRESSIVE;
				CLANG_WARN_UNREACHABLE_CODE = YES;
				CLANG_WARN__DUPLICATE_METHOD_MATCH = YES;
				COPY_PHASE_STRIP = NO;
				DEBUG_INFORMATION_FORMAT = "dwarf-with-dsym";
				ENABLE_NS_ASSERTIONS = NO;
				ENABLE_STRICT_OBJC_MSGSEND = YES;
				GCC_C_LANGUAGE_STANDARD = gnu11;
				GCC_NO_COMMON_BLOCKS = YES;
				GCC_WARN_64_TO_32_BIT_CONVERSION = YES;
				GCC_WARN_ABOUT_RETURN_TYPE = YES_ERROR;
				GCC_WARN_UNDECLARED_SELECTOR = YES;
				GCC_WARN_UNINITIALIZED_AUTOS = YES_AGGRESSIVE;
				GCC_WARN_UNUSED_FUNCTION = YES;
				GCC_WARN_UNUSED_VARIABLE = YES;
				IPHONEOS_DEPLOYMENT_TARGET = 13.4;
				MTL_ENABLE_DEBUG_INFO = NO;
				MTL_FAST_MATH = YES;
				SDKROOT = iphoneos;
				SWIFT_COMPILATION_MODE = wholemodule;
				SWIFT_OPTIMIZATION_LEVEL = "-O";
				VALIDATE_PRODUCT = YES;
			};
			name = Release;
		};
		825E0A512459E4A0003B7857 /* Debug */ = {
			isa = XCBuildConfiguration;
			buildSettings = {
				ASSETCATALOG_COMPILER_APPICON_NAME = AppIcon;
				CODE_SIGN_STYLE = Automatic;
				DEVELOPMENT_TEAM = FBSS323BRP;
				INFOPLIST_FILE = "GIFV Scroller/Info.plist";
				LD_RUNPATH_SEARCH_PATHS = (
					"$(inherited)",
					"@executable_path/Frameworks",
				);
				PRODUCT_BUNDLE_IDENTIFIER = "r.kravtsov.GIFV-Scroller";
				PRODUCT_NAME = "$(TARGET_NAME)";
				SWIFT_VERSION = 5.0;
				TARGETED_DEVICE_FAMILY = 1;
			};
			name = Debug;
		};
		825E0A522459E4A0003B7857 /* Release */ = {
			isa = XCBuildConfiguration;
			buildSettings = {
				ASSETCATALOG_COMPILER_APPICON_NAME = AppIcon;
				CODE_SIGN_STYLE = Automatic;
				DEVELOPMENT_TEAM = FBSS323BRP;
				INFOPLIST_FILE = "GIFV Scroller/Info.plist";
				LD_RUNPATH_SEARCH_PATHS = (
					"$(inherited)",
					"@executable_path/Frameworks",
				);
				PRODUCT_BUNDLE_IDENTIFIER = "r.kravtsov.GIFV-Scroller";
				PRODUCT_NAME = "$(TARGET_NAME)";
				SWIFT_VERSION = 5.0;
				TARGETED_DEVICE_FAMILY = 1;
			};
			name = Release;
		};
/* End XCBuildConfiguration section */

/* Begin XCConfigurationList section */
		825E0A372459E49C003B7857 /* Build configuration list for PBXProject "GIFV Scroller" */ = {
			isa = XCConfigurationList;
			buildConfigurations = (
				825E0A4E2459E4A0003B7857 /* Debug */,
				825E0A4F2459E4A0003B7857 /* Release */,
			);
			defaultConfigurationIsVisible = 0;
			defaultConfigurationName = Release;
		};
		825E0A502459E4A0003B7857 /* Build configuration list for PBXNativeTarget "GIFV Scroller" */ = {
			isa = XCConfigurationList;
			buildConfigurations = (
				825E0A512459E4A0003B7857 /* Debug */,
				825E0A522459E4A0003B7857 /* Release */,
			);
			defaultConfigurationIsVisible = 0;
			defaultConfigurationName = Release;
		};
/* End XCConfigurationList section */
	};
	rootObject = 825E0A342459E49C003B7857 /* Project object */;
}
